
Microsoft Visual Studio Solution File, Format Version 12.00
# Visual Studio Version 16
VisualStudioVersion = 16.0.30611.23
MinimumVisualStudioVersion = 10.0.40219.1
Project("{FAE04EC0-301F-11D3-BF4B-00C04F79EFBC}") = "aptdealzMExecutiveMobile.Android", "aptdealzMExecutiveMobile\aptdealzMExecutiveMobile.Android\aptdealzMExecutiveMobile.Android.csproj", "{939614A8-A1A2-4CAA-A8EC-52B66E293817}"
	ProjectSection(ProjectDependencies) = postProject
		{D7C3A6D3-157C-4248-9CC5-A8D6309BEC9D} = {D7C3A6D3-157C-4248-9CC5-A8D6309BEC9D}
	EndProjectSection
EndProject
Project("{FAE04EC0-301F-11D3-BF4B-00C04F79EFBC}") = "aptdealzMExecutiveMobile.iOS", "aptdealzMExecutiveMobile\aptdealzMExecutiveMobile.iOS\aptdealzMExecutiveMobile.iOS.csproj", "{D7C3A6D3-157C-4248-9CC5-A8D6309BEC9D}"
EndProject
Project("{9A19103F-16F7-4668-BE54-9A1E7A4F7556}") = "aptdealzMExecutiveMobile", "aptdealzMExecutiveMobile\aptdealzMExecutiveMobile\aptdealzMExecutiveMobile.csproj", "{830F4F76-74A8-4D3B-B25B-27D69D428946}"
EndProject
Global
	GlobalSection(SolutionConfigurationPlatforms) = preSolution
		Debug|Any CPU = Debug|Any CPU
		Debug|iPhone = Debug|iPhone
		Debug|iPhoneSimulator = Debug|iPhoneSimulator
		Release|Any CPU = Release|Any CPU
		Release|iPhone = Release|iPhone
		Release|iPhoneSimulator = Release|iPhoneSimulator
	EndGlobalSection
	GlobalSection(ProjectConfigurationPlatforms) = postSolution
		{939614A8-A1A2-4CAA-A8EC-52B66E293817}.Debug|Any CPU.ActiveCfg = Debug|Any CPU
		{939614A8-A1A2-4CAA-A8EC-52B66E293817}.Debug|Any CPU.Build.0 = Debug|Any CPU
		{939614A8-A1A2-4CAA-A8EC-52B66E293817}.Debug|Any CPU.Deploy.0 = Debug|Any CPU
		{939614A8-A1A2-4CAA-A8EC-52B66E293817}.Debug|iPhone.ActiveCfg = Debug|Any CPU
		{939614A8-A1A2-4CAA-A8EC-52B66E293817}.Debug|iPhone.Build.0 = Debug|Any CPU
		{939614A8-A1A2-4CAA-A8EC-52B66E293817}.Debug|iPhone.Deploy.0 = Debug|Any CPU
		{939614A8-A1A2-4CAA-A8EC-52B66E293817}.Debug|iPhoneSimulator.ActiveCfg = Debug|Any CPU
		{939614A8-A1A2-4CAA-A8EC-52B66E293817}.Debug|iPhoneSimulator.Build.0 = Debug|Any CPU
		{939614A8-A1A2-4CAA-A8EC-52B66E293817}.Debug|iPhoneSimulator.Deploy.0 = Debug|Any CPU
		{939614A8-A1A2-4CAA-A8EC-52B66E293817}.Release|Any CPU.ActiveCfg = Release|Any CPU
		{939614A8-A1A2-4CAA-A8EC-52B66E293817}.Release|Any CPU.Build.0 = Release|Any CPU
		{939614A8-A1A2-4CAA-A8EC-52B66E293817}.Release|Any CPU.Deploy.0 = Release|Any CPU
		{939614A8-A1A2-4CAA-A8EC-52B66E293817}.Release|iPhone.ActiveCfg = Release|Any CPU
		{939614A8-A1A2-4CAA-A8EC-52B66E293817}.Release|iPhone.Build.0 = Release|Any CPU
		{939614A8-A1A2-4CAA-A8EC-52B66E293817}.Release|iPhone.Deploy.0 = Release|Any CPU
		{939614A8-A1A2-4CAA-A8EC-52B66E293817}.Release|iPhoneSimulator.ActiveCfg = Release|Any CPU
		{939614A8-A1A2-4CAA-A8EC-52B66E293817}.Release|iPhoneSimulator.Build.0 = Release|Any CPU
		{939614A8-A1A2-4CAA-A8EC-52B66E293817}.Release|iPhoneSimulator.Deploy.0 = Release|Any CPU
		{D7C3A6D3-157C-4248-9CC5-A8D6309BEC9D}.Debug|Any CPU.ActiveCfg = Debug|iPhone
		{D7C3A6D3-157C-4248-9CC5-A8D6309BEC9D}.Debug|Any CPU.Build.0 = Debug|iPhone
		{D7C3A6D3-157C-4248-9CC5-A8D6309BEC9D}.Debug|Any CPU.Deploy.0 = Debug|iPhone
		{D7C3A6D3-157C-4248-9CC5-A8D6309BEC9D}.Debug|iPhone.ActiveCfg = Debug|iPhoneSimulator
		{D7C3A6D3-157C-4248-9CC5-A8D6309BEC9D}.Debug|iPhone.Build.0 = Debug|iPhoneSimulator
		{D7C3A6D3-157C-4248-9CC5-A8D6309BEC9D}.Debug|iPhone.Deploy.0 = Debug|iPhoneSimulator
		{D7C3A6D3-157C-4248-9CC5-A8D6309BEC9D}.Debug|iPhoneSimulator.ActiveCfg = Debug|iPhoneSimulator
		{D7C3A6D3-157C-4248-9CC5-A8D6309BEC9D}.Debug|iPhoneSimulator.Build.0 = Debug|iPhoneSimulator
		{D7C3A6D3-157C-4248-9CC5-A8D6309BEC9D}.Debug|iPhoneSimulator.Deploy.0 = Debug|iPhoneSimulator
		{D7C3A6D3-157C-4248-9CC5-A8D6309BEC9D}.Release|Any CPU.ActiveCfg = Release|iPhoneSimulator
		{D7C3A6D3-157C-4248-9CC5-A8D6309BEC9D}.Release|Any CPU.Build.0 = Release|iPhoneSimulator
		{D7C3A6D3-157C-4248-9CC5-A8D6309BEC9D}.Release|Any CPU.Deploy.0 = Release|iPhoneSimulator
		{D7C3A6D3-157C-4248-9CC5-A8D6309BEC9D}.Release|iPhone.ActiveCfg = Release|iPhone
		{D7C3A6D3-157C-4248-9CC5-A8D6309BEC9D}.Release|iPhone.Build.0 = Release|iPhone
		{D7C3A6D3-157C-4248-9CC5-A8D6309BEC9D}.Release|iPhone.Deploy.0 = Release|iPhone
		{D7C3A6D3-157C-4248-9CC5-A8D6309BEC9D}.Release|iPhoneSimulator.ActiveCfg = Release|iPhoneSimulator
		{D7C3A6D3-157C-4248-9CC5-A8D6309BEC9D}.Release|iPhoneSimulator.Build.0 = Release|iPhoneSimulator
		{D7C3A6D3-157C-4248-9CC5-A8D6309BEC9D}.Release|iPhoneSimulator.Deploy.0 = Release|iPhoneSimulator
		{830F4F76-74A8-4D3B-B25B-27D69D428946}.Debug|Any CPU.ActiveCfg = Debug|Any CPU
		{830F4F76-74A8-4D3B-B25B-27D69D428946}.Debug|Any CPU.Build.0 = Debug|Any CPU
		{830F4F76-74A8-4D3B-B25B-27D69D428946}.Debug|Any CPU.Deploy.0 = Debug|Any CPU
		{830F4F76-74A8-4D3B-B25B-27D69D428946}.Debug|iPhone.ActiveCfg = Debug|Any CPU
		{830F4F76-74A8-4D3B-B25B-27D69D428946}.Debug|iPhone.Build.0 = Debug|Any CPU
		{830F4F76-74A8-4D3B-B25B-27D69D428946}.Debug|iPhone.Deploy.0 = Debug|Any CPU
		{830F4F76-74A8-4D3B-B25B-27D69D428946}.Debug|iPhoneSimulator.ActiveCfg = Debug|Any CPU
		{830F4F76-74A8-4D3B-B25B-27D69D428946}.Debug|iPhoneSimulator.Build.0 = Debug|Any CPU
		{830F4F76-74A8-4D3B-B25B-27D69D428946}.Debug|iPhoneSimulator.Deploy.0 = Debug|Any CPU
		{830F4F76-74A8-4D3B-B25B-27D69D428946}.Release|Any CPU.ActiveCfg = Release|Any CPU
		{830F4F76-74A8-4D3B-B25B-27D69D428946}.Release|Any CPU.Build.0 = Release|Any CPU
		{830F4F76-74A8-4D3B-B25B-27D69D428946}.Release|Any CPU.Deploy.0 = Release|Any CPU
		{830F4F76-74A8-4D3B-B25B-27D69D428946}.Release|iPhone.ActiveCfg = Release|Any CPU
		{830F4F76-74A8-4D3B-B25B-27D69D428946}.Release|iPhone.Build.0 = Release|Any CPU
		{830F4F76-74A8-4D3B-B25B-27D69D428946}.Release|iPhone.Deploy.0 = Release|Any CPU
		{830F4F76-74A8-4D3B-B25B-27D69D428946}.Release|iPhoneSimulator.ActiveCfg = Release|Any CPU
		{830F4F76-74A8-4D3B-B25B-27D69D428946}.Release|iPhoneSimulator.Build.0 = Release|Any CPU
		{830F4F76-74A8-4D3B-B25B-27D69D428946}.Release|iPhoneSimulator.Deploy.0 = Release|Any CPU
	EndGlobalSection
	GlobalSection(SolutionProperties) = preSolution
		HideSolutionNode = FALSE
	EndGlobalSection
	GlobalSection(ExtensibilityGlobals) = postSolution
		SolutionGuid = {F6EEE780-E408-4F86-AB77-D2D31243FCB1}
	EndGlobalSection
EndGlobal
